
Microsoft Visual Studio Solution File, Format Version 12.00
# Visual Studio Version 17
VisualStudioVersion = 17.4.33205.214
MinimumVisualStudioVersion = 10.0.40219.1
Project("{FAE04EC0-301F-11D3-BF4B-00C04F79EFBC}") = "SmartPharma5", "SmartPharma5\SmartPharma5.csproj", "{0ACCEBC3-AD17-4F94-82DB-40D411ABA429}"
EndProject
Global
	GlobalSection(SolutionConfigurationPlatforms) = preSolution
		Debug|Any CPU = Debug|Any CPU
		Release|Any CPU = Release|Any CPU
	EndGlobalSection
	GlobalSection(ProjectConfigurationPlatforms) = postSolution
		{0ACCEBC3-AD17-4F94-82DB-40D411ABA429}.Debug|Any CPU.ActiveCfg = Debug|Any CPU
		{0ACCEBC3-AD17-4F94-82DB-40D411ABA429}.Debug|Any CPU.Build.0 = Debug|Any CPU
		{0ACCEBC3-AD17-4F94-82DB-40D411ABA429}.Debug|Any CPU.Deploy.0 = Debug|Any CPU
		{0ACCEBC3-AD17-4F94-82DB-40D411ABA429}.Release|Any CPU.ActiveCfg = Release|Any CPU
		{0ACCEBC3-AD17-4F94-82DB-40D411ABA429}.Release|Any CPU.Build.0 = Release|Any CPU
		{0ACCEBC3-AD17-4F94-82DB-40D411ABA429}.Release|Any CPU.Deploy.0 = Release|Any CPU
	EndGlobalSection
	GlobalSection(SolutionProperties) = preSolution
		HideSolutionNode = FALSE
	EndGlobalSection
	GlobalSection(ExtensibilityGlobals) = postSolution
		SolutionGuid = {E7AA91B0-AE97-4AAC-B583-EAB35CF8CA65}
	EndGlobalSection
EndGlobal
